
Microsoft Visual Studio Solution File, Format Version 12.00
# Visual Studio Version 17
VisualStudioVersion = 17.10.34916.146
MinimumVisualStudioVersion = 10.0.40219.1
Project("{9A19103F-16F7-4668-BE54-9A1E7A4F7556}") = "DeleteUnusedFolderTool", "DeleteUnusedFolderTool.csproj", "{B7F74BEB-8271-4AD0-AEF4-02CA70AD556C}"
EndProject
Global
	GlobalSection(SolutionConfigurationPlatforms) = preSolution
		Debug|Any CPU = Debug|Any CPU
		Release|Any CPU = Release|Any CPU
	EndGlobalSection
	GlobalSection(ProjectConfigurationPlatforms) = postSolution
		{B7F74BEB-8271-4AD0-AEF4-02CA70AD556C}.Debug|Any CPU.ActiveCfg = Debug|Any CPU
		{B7F74BEB-8271-4AD0-AEF4-02CA70AD556C}.Debug|Any CPU.Build.0 = Debug|Any CPU
		{B7F74BEB-8271-4AD0-AEF4-02CA70AD556C}.Release|Any CPU.ActiveCfg = Release|Any CPU
		{B7F74BEB-8271-4AD0-AEF4-02CA70AD556C}.Release|Any CPU.Build.0 = Release|Any CPU
	EndGlobalSection
	GlobalSection(SolutionProperties) = preSolution
		HideSolutionNode = FALSE
	EndGlobalSection
	GlobalSection(ExtensibilityGlobals) = postSolution
		SolutionGuid = {4EABAE42-FAA9-4D42-8E35-CDE5CD195A26}
	EndGlobalSection
EndGlobal
